// !$*UTF8*$!
{
	archiveVersion = 1;
	classes = {
	};
	objectVersion = 56;
	objects = {

/* Begin PBXBuildFile section */
		B627EF742B30C6B40030E514 /* AppDelegate.swift in Sources */ = {isa = PBXBuildFile; fileRef = B627EF732B30C6B40030E514 /* AppDelegate.swift */; };
		B627EF762B30C6B40030E514 /* SceneDelegate.swift in Sources */ = {isa = PBXBuildFile; fileRef = B627EF752B30C6B40030E514 /* SceneDelegate.swift */; };
		B627EF782B30C6B40030E514 /* ViewController.swift in Sources */ = {isa = PBXBuildFile; fileRef = B627EF772B30C6B40030E514 /* ViewController.swift */; };
		B627EF7B2B30C6B40030E514 /* Main.storyboard in Resources */ = {isa = PBXBuildFile; fileRef = B627EF792B30C6B40030E514 /* Main.storyboard */; };
		B627EF7D2B30C6B50030E514 /* Assets.xcassets in Resources */ = {isa = PBXBuildFile; fileRef = B627EF7C2B30C6B50030E514 /* Assets.xcassets */; };
		B627EF802B30C6B50030E514 /* LaunchScreen.storyboard in Resources */ = {isa = PBXBuildFile; fileRef = B627EF7E2B30C6B50030E514 /* LaunchScreen.storyboard */; };
		B627EF882B30C75D0030E514 /* .gitignore in Resources */ = {isa = PBXBuildFile; fileRef = B627EF872B30C75D0030E514 /* .gitignore */; };
		B627EF8A2B30C87F0030E514 /* README.md in Resources */ = {isa = PBXBuildFile; fileRef = B627EF892B30C87F0030E514 /* README.md */; };
/* End PBXBuildFile section */

/* Begin PBXFileReference section */
		B627EF702B30C6B40030E514 /* iOS12-HW10-Andrey-Manuilov.app */ = {isa = PBXFileReference; explicitFileType = wrapper.application; includeInIndex = 0; path = "iOS12-HW10-Andrey-Manuilov.app"; sourceTree = BUILT_PRODUCTS_DIR; };
		B627EF732B30C6B40030E514 /* AppDelegate.swift */ = {isa = PBXFileReference; lastKnownFileType = sourcecode.swift; path = AppDelegate.swift; sourceTree = "<group>"; };
		B627EF752B30C6B40030E514 /* SceneDelegate.swift */ = {isa = PBXFileReference; lastKnownFileType = sourcecode.swift; path = SceneDelegate.swift; sourceTree = "<group>"; };
		B627EF772B30C6B40030E514 /* ViewController.swift */ = {isa = PBXFileReference; lastKnownFileType = sourcecode.swift; path = ViewController.swift; sourceTree = "<group>"; };
		B627EF7A2B30C6B40030E514 /* Base */ = {isa = PBXFileReference; lastKnownFileType = file.storyboard; name = Base; path = Base.lproj/Main.storyboard; sourceTree = "<group>"; };
		B627EF7C2B30C6B50030E514 /* Assets.xcassets */ = {isa = PBXFileReference; lastKnownFileType = folder.assetcatalog; path = Assets.xcassets; sourceTree = "<group>"; };
		B627EF7F2B30C6B50030E514 /* Base */ = {isa = PBXFileReference; lastKnownFileType = file.storyboard; name = Base; path = Base.lproj/LaunchScreen.storyboard; sourceTree = "<group>"; };
		B627EF812B30C6B50030E514 /* Info.plist */ = {isa = PBXFileReference; lastKnownFileType = text.plist.xml; path = Info.plist; sourceTree = "<group>"; };
		B627EF872B30C75D0030E514 /* .gitignore */ = {isa = PBXFileReference; lastKnownFileType = text; path = .gitignore; sourceTree = "<group>"; };
		B627EF892B30C87F0030E514 /* README.md */ = {isa = PBXFileReference; lastKnownFileType = net.daringfireball.markdown; path = README.md; sourceTree = "<group>"; };
/* End PBXFileReference section */

/* Begin PBXFrameworksBuildPhase section */
		B627EF6D2B30C6B40030E514 /* Frameworks */ = {
			isa = PBXFrameworksBuildPhase;
			buildActionMask = 2147483647;
			files = (
			);
			runOnlyForDeploymentPostprocessing = 0;
		};
/* End PBXFrameworksBuildPhase section */

/* Begin PBXGroup section */
		B627EF672B30C6B40030E514 = {
			isa = PBXGroup;
			children = (
				B627EF892B30C87F0030E514 /* README.md */,
				B627EF872B30C75D0030E514 /* .gitignore */,
				B627EF722B30C6B40030E514 /* iOS12-HW10-Andrey-Manuilov */,
				B627EF712B30C6B40030E514 /* Products */,
			);
			sourceTree = "<group>";
		};
		B627EF712B30C6B40030E514 /* Products */ = {
			isa = PBXGroup;
			children = (
				B627EF702B30C6B40030E514 /* iOS12-HW10-Andrey-Manuilov.app */,
			);
			name = Products;
			sourceTree = "<group>";
		};
		B627EF722B30C6B40030E514 /* iOS12-HW10-Andrey-Manuilov */ = {
			isa = PBXGroup;
			children = (
				B627EF732B30C6B40030E514 /* AppDelegate.swift */,
				B627EF752B30C6B40030E514 /* SceneDelegate.swift */,
				B627EF772B30C6B40030E514 /* ViewController.swift */,
				B627EF792B30C6B40030E514 /* Main.storyboard */,
				B627EF7C2B30C6B50030E514 /* Assets.xcassets */,
				B627EF7E2B30C6B50030E514 /* LaunchScreen.storyboard */,
				B627EF812B30C6B50030E514 /* Info.plist */,
			);
			path = "iOS12-HW10-Andrey-Manuilov";
			sourceTree = "<group>";
		};
/* End PBXGroup section */

/* Begin PBXNativeTarget section */
		B627EF6F2B30C6B40030E514 /* iOS12-HW10-Andrey-Manuilov */ = {
			isa = PBXNativeTarget;
			buildConfigurationList = B627EF842B30C6B50030E514 /* Build configuration list for PBXNativeTarget "iOS12-HW10-Andrey-Manuilov" */;
			buildPhases = (
				B627EF6C2B30C6B40030E514 /* Sources */,
				B627EF6D2B30C6B40030E514 /* Frameworks */,
				B627EF6E2B30C6B40030E514 /* Resources */,
			);
			buildRules = (
			);
			dependencies = (
			);
			name = "iOS12-HW10-Andrey-Manuilov";
			productName = "iOS12-HW10-Andrey-Manuilov";
			productReference = B627EF702B30C6B40030E514 /* iOS12-HW10-Andrey-Manuilov.app */;
			productType = "com.apple.product-type.application";
		};
/* End PBXNativeTarget section */

/* Begin PBXProject section */
		B627EF682B30C6B40030E514 /* Project object */ = {
			isa = PBXProject;
			attributes = {
				BuildIndependentTargetsInParallel = 1;
				LastSwiftUpdateCheck = 1500;
				LastUpgradeCheck = 1500;
				TargetAttributes = {
					B627EF6F2B30C6B40030E514 = {
						CreatedOnToolsVersion = 15.0;
					};
				};
			};
			buildConfigurationList = B627EF6B2B30C6B40030E514 /* Build configuration list for PBXProject "iOS12-HW10-Andrey-Manuilov" */;
			compatibilityVersion = "Xcode 14.0";
			developmentRegion = en;
			hasScannedForEncodings = 0;
			knownRegions = (
				en,
				Base,
			);
			mainGroup = B627EF672B30C6B40030E514;
			productRefGroup = B627EF712B30C6B40030E514 /* Products */;
			projectDirPath = "";
			projectRoot = "";
			targets = (
				B627EF6F2B30C6B40030E514 /* iOS12-HW10-Andrey-Manuilov */,
			);
		};
/* End PBXProject section */

/* Begin PBXResourcesBuildPhase section */
		B627EF6E2B30C6B40030E514 /* Resources */ = {
			isa = PBXResourcesBuildPhase;
			buildActionMask = 2147483647;
			files = (
				B627EF882B30C75D0030E514 /* .gitignore in Resources */,
				B627EF802B30C6B50030E514 /* LaunchScreen.storyboard in Resources */,
				B627EF8A2B30C87F0030E514 /* README.md in Resources */,
				B627EF7D2B30C6B50030E514 /* Assets.xcassets in Resources */,
				B627EF7B2B30C6B40030E514 /* Main.storyboard in Resources */,
			);
			runOnlyForDeploymentPostprocessing = 0;
		};
/* End PBXResourcesBuildPhase section */

/* Begin PBXSourcesBuildPhase section */
		B627EF6C2B30C6B40030E514 /* Sources */ = {
			isa = PBXSourcesBuildPhase;
			buildActionMask = 2147483647;
			files = (
				B627EF782B30C6B40030E514 /* ViewController.swift in Sources */,
				B627EF742B30C6B40030E514 /* AppDelegate.swift in Sources */,
				B627EF762B30C6B40030E514 /* SceneDelegate.swift in Sources */,
			);
			runOnlyForDeploymentPostprocessing = 0;
		};
/* End PBXSourcesBuildPhase section */

/* Begin PBXVariantGroup section */
		B627EF792B30C6B40030E514 /* Main.storyboard */ = {
			isa = PBXVariantGroup;
			children = (
				B627EF7A2B30C6B40030E514 /* Base */,
			);
			name = Main.storyboard;
			sourceTree = "<group>";
		};
		B627EF7E2B30C6B50030E514 /* LaunchScreen.storyboard */ = {
			isa = PBXVariantGroup;
			children = (
				B627EF7F2B30C6B50030E514 /* Base */,
			);
			name = LaunchScreen.storyboard;
			sourceTree = "<group>";
		};
/* End PBXVariantGroup section */

/* Begin XCBuildConfiguration section */
		B627EF822B30C6B50030E514 /* Debug */ = {
			isa = XCBuildConfiguration;
			buildSettings = {
				ALWAYS_SEARCH_USER_PATHS = NO;
				ASSETCATALOG_COMPILER_GENERATE_SWIFT_ASSET_SYMBOL_EXTENSIONS = YES;
				CLANG_ANALYZER_NONNULL = YES;
				CLANG_ANALYZER_NUMBER_OBJECT_CONVERSION = YES_AGGRESSIVE;
				CLANG_CXX_LANGUAGE_STANDARD = "gnu++20";
				CLANG_ENABLE_MODULES = YES;
				CLANG_ENABLE_OBJC_ARC = YES;
				CLANG_ENABLE_OBJC_WEAK = YES;
				CLANG_WARN_BLOCK_CAPTURE_AUTORELEASING = YES;
				CLANG_WARN_BOOL_CONVERSION = YES;
				CLANG_WARN_COMMA = YES;
				CLANG_WARN_CONSTANT_CONVERSION = YES;
				CLANG_WARN_DEPRECATED_OBJC_IMPLEMENTATIONS = YES;
				CLANG_WARN_DIRECT_OBJC_ISA_USAGE = YES_ERROR;
				CLANG_WARN_DOCUMENTATION_COMMENTS = YES;
				CLANG_WARN_EMPTY_BODY = YES;
				CLANG_WARN_ENUM_CONVERSION = YES;
				CLANG_WARN_INFINITE_RECURSION = YES;
				CLANG_WARN_INT_CONVERSION = YES;
				CLANG_WARN_NON_LITERAL_NULL_CONVERSION = YES;
				CLANG_WARN_OBJC_IMPLICIT_RETAIN_SELF = YES;
				CLANG_WARN_OBJC_LITERAL_CONVERSION = YES;
				CLANG_WARN_OBJC_ROOT_CLASS = YES_ERROR;
				CLANG_WARN_QUOTED_INCLUDE_IN_FRAMEWORK_HEADER = YES;
				CLANG_WARN_RANGE_LOOP_ANALYSIS = YES;
				CLANG_WARN_STRICT_PROTOTYPES = YES;
				CLANG_WARN_SUSPICIOUS_MOVE = YES;
				CLANG_WARN_UNGUARDED_AVAILABILITY = YES_AGGRESSIVE;
				CLANG_WARN_UNREACHABLE_CODE = YES;
				CLANG_WARN__DUPLICATE_METHOD_MATCH = YES;
				COPY_PHASE_STRIP = NO;
				DEBUG_INFORMATION_FORMAT = dwarf;
				ENABLE_STRICT_OBJC_MSGSEND = YES;
				ENABLE_TESTABILITY = YES;
				ENABLE_USER_SCRIPT_SANDBOXING = YES;
				GCC_C_LANGUAGE_STANDARD = gnu17;
				GCC_DYNAMIC_NO_PIC = NO;
				GCC_NO_COMMON_BLOCKS = YES;
				GCC_OPTIMIZATION_LEVEL = 0;
				GCC_PREPROCESSOR_DEFINITIONS = (
					"DEBUG=1",
					"$(inherited)",
				);
				GCC_WARN_64_TO_32_BIT_CONVERSION = YES;
				GCC_WARN_ABOUT_RETURN_TYPE = YES_ERROR;
				GCC_WARN_UNDECLARED_SELECTOR = YES;
				GCC_WARN_UNINITIALIZED_AUTOS = YES_AGGRESSIVE;
				GCC_WARN_UNUSED_FUNCTION = YES;
				GCC_WARN_UNUSED_VARIABLE = YES;
				IPHONEOS_DEPLOYMENT_TARGET = 17.0;
				LOCALIZATION_PREFERS_STRING_CATALOGS = YES;
				MTL_ENABLE_DEBUG_INFO = INCLUDE_SOURCE;
				MTL_FAST_MATH = YES;
				ONLY_ACTIVE_ARCH = YES;
				SDKROOT = iphoneos;
				SWIFT_ACTIVE_COMPILATION_CONDITIONS = "DEBUG $(inherited)";
				SWIFT_OPTIMIZATION_LEVEL = "-Onone";
			};
			name = Debug;
		};
		B627EF832B30C6B50030E514 /* Release */ = {
			isa = XCBuildConfiguration;
			buildSettings = {
				ALWAYS_SEARCH_USER_PATHS = NO;
				ASSETCATALOG_COMPILER_GENERATE_SWIFT_ASSET_SYMBOL_EXTENSIONS = YES;
				CLANG_ANALYZER_NONNULL = YES;
				CLANG_ANALYZER_NUMBER_OBJECT_CONVERSION = YES_AGGRESSIVE;
				CLANG_CXX_LANGUAGE_STANDARD = "gnu++20";
				CLANG_ENABLE_MODULES = YES;
				CLANG_ENABLE_OBJC_ARC = YES;
				CLANG_ENABLE_OBJC_WEAK = YES;
				CLANG_WARN_BLOCK_CAPTURE_AUTORELEASING = YES;
				CLANG_WARN_BOOL_CONVERSION = YES;
				CLANG_WARN_COMMA = YES;
				CLANG_WARN_CONSTANT_CONVERSION = YES;
				CLANG_WARN_DEPRECATED_OBJC_IMPLEMENTATIONS = YES;
				CLANG_WARN_DIRECT_OBJC_ISA_USAGE = YES_ERROR;
				CLANG_WARN_DOCUMENTATION_COMMENTS = YES;
				CLANG_WARN_EMPTY_BODY = YES;
				CLANG_WARN_ENUM_CONVERSION = YES;
				CLANG_WARN_INFINITE_RECURSION = YES;
				CLANG_WARN_INT_CONVERSION = YES;
				CLANG_WARN_NON_LITERAL_NULL_CONVERSION = YES;
				CLANG_WARN_OBJC_IMPLICIT_RETAIN_SELF = YES;
				CLANG_WARN_OBJC_LITERAL_CONVERSION = YES;
				CLANG_WARN_OBJC_ROOT_CLASS = YES_ERROR;
				CLANG_WARN_QUOTED_INCLUDE_IN_FRAMEWORK_HEADER = YES;
				CLANG_WARN_RANGE_LOOP_ANALYSIS = YES;
				CLANG_WARN_STRICT_PROTOTYPES = YES;
				CLANG_WARN_SUSPICIOUS_MOVE = YES;
				CLANG_WARN_UNGUARDED_AVAILABILITY = YES_AGGRESSIVE;
				CLANG_WARN_UNREACHABLE_CODE = YES;
				CLANG_WARN__DUPLICATE_METHOD_MATCH = YES;
				COPY_PHASE_STRIP = NO;
				DEBUG_INFORMATION_FORMAT = "dwarf-with-dsym";
				ENABLE_NS_ASSERTIONS = NO;
				ENABLE_STRICT_OBJC_MSGSEND = YES;
				ENABLE_USER_SCRIPT_SANDBOXING = YES;
				GCC_C_LANGUAGE_STANDARD = gnu17;
				GCC_NO_COMMON_BLOCKS = YES;
				GCC_WARN_64_TO_32_BIT_CONVERSION = YES;
				GCC_WARN_ABOUT_RETURN_TYPE = YES_ERROR;
				GCC_WARN_UNDECLARED_SELECTOR = YES;
				GCC_WARN_UNINITIALIZED_AUTOS = YES_AGGRESSIVE;
				GCC_WARN_UNUSED_FUNCTION = YES;
				GCC_WARN_UNUSED_VARIABLE = YES;
				IPHONEOS_DEPLOYMENT_TARGET = 17.0;
				LOCALIZATION_PREFERS_STRING_CATALOGS = YES;
				MTL_ENABLE_DEBUG_INFO = NO;
				MTL_FAST_MATH = YES;
				SDKROOT = iphoneos;
				SWIFT_COMPILATION_MODE = wholemodule;
				VALIDATE_PRODUCT = YES;
			};
			name = Release;
		};
		B627EF852B30C6B50030E514 /* Debug */ = {
			isa = XCBuildConfiguration;
			buildSettings = {
				ASSETCATALOG_COMPILER_APPICON_NAME = AppIcon;
				ASSETCATALOG_COMPILER_GLOBAL_ACCENT_COLOR_NAME = AccentColor;
				CODE_SIGN_STYLE = Automatic;
				CURRENT_PROJECT_VERSION = 1;
				GENERATE_INFOPLIST_FILE = YES;
				INFOPLIST_FILE = "iOS12-HW10-Andrey-Manuilov/Info.plist";
				INFOPLIST_KEY_UIApplicationSupportsIndirectInputEvents = YES;
				INFOPLIST_KEY_UILaunchStoryboardName = LaunchScreen;
				INFOPLIST_KEY_UIMainStoryboardFile = Main;
				INFOPLIST_KEY_UISupportedInterfaceOrientations_iPad = "UIInterfaceOrientationPortrait UIInterfaceOrientationPortraitUpsideDown UIInterfaceOrientationLandscapeLeft UIInterfaceOrientationLandscapeRight";
				INFOPLIST_KEY_UISupportedInterfaceOrientations_iPhone = "UIInterfaceOrientationPortrait UIInterfaceOrientationLandscapeLeft UIInterfaceOrientationLandscapeRight";
				LD_RUNPATH_SEARCH_PATHS = (
					"$(inherited)",
					"@executable_path/Frameworks",
				);
				MARKETING_VERSION = 1.0;
				PRODUCT_BUNDLE_IDENTIFIER = "com.my.iOS12-HW10-Andrey-Manuilov";
				PRODUCT_NAME = "$(TARGET_NAME)";
				SWIFT_EMIT_LOC_STRINGS = YES;
				SWIFT_VERSION = 5.0;
				TARGETED_DEVICE_FAMILY = "1,2";
			};
			name = Debug;
		};
		B627EF862B30C6B50030E514 /* Release */ = {
			isa = XCBuildConfiguration;
			buildSettings = {
				ASSETCATALOG_COMPILER_APPICON_NAME = AppIcon;
				ASSETCATALOG_COMPILER_GLOBAL_ACCENT_COLOR_NAME = AccentColor;
				CODE_SIGN_STYLE = Automatic;
				CURRENT_PROJECT_VERSION = 1;
				GENERATE_INFOPLIST_FILE = YES;
				INFOPLIST_FILE = "iOS12-HW10-Andrey-Manuilov/Info.plist";
				INFOPLIST_KEY_UIApplicationSupportsIndirectInputEvents = YES;
				INFOPLIST_KEY_UILaunchStoryboardName = LaunchScreen;
				INFOPLIST_KEY_UIMainStoryboardFile = Main;
				INFOPLIST_KEY_UISupportedInterfaceOrientations_iPad = "UIInterfaceOrientationPortrait UIInterfaceOrientationPortraitUpsideDown UIInterfaceOrientationLandscapeLeft UIInterfaceOrientationLandscapeRight";
				INFOPLIST_KEY_UISupportedInterfaceOrientations_iPhone = "UIInterfaceOrientationPortrait UIInterfaceOrientationLandscapeLeft UIInterfaceOrientationLandscapeRight";
				LD_RUNPATH_SEARCH_PATHS = (
					"$(inherited)",
					"@executable_path/Frameworks",
				);
				MARKETING_VERSION = 1.0;
				PRODUCT_BUNDLE_IDENTIFIER = "com.my.iOS12-HW10-Andrey-Manuilov";
				PRODUCT_NAME = "$(TARGET_NAME)";
				SWIFT_EMIT_LOC_STRINGS = YES;
				SWIFT_VERSION = 5.0;
				TARGETED_DEVICE_FAMILY = "1,2";
			};
			name = Release;
		};
/* End XCBuildConfiguration section */

/* Begin XCConfigurationList section */
		B627EF6B2B30C6B40030E514 /* Build configuration list for PBXProject "iOS12-HW10-Andrey-Manuilov" */ = {
			isa = XCConfigurationList;
			buildConfigurations = (
				B627EF822B30C6B50030E514 /* Debug */,
				B627EF832B30C6B50030E514 /* Release */,
			);
			defaultConfigurationIsVisible = 0;
			defaultConfigurationName = Release;
		};
		B627EF842B30C6B50030E514 /* Build configuration list for PBXNativeTarget "iOS12-HW10-Andrey-Manuilov" */ = {
			isa = XCConfigurationList;
			buildConfigurations = (
				B627EF852B30C6B50030E514 /* Debug */,
				B627EF862B30C6B50030E514 /* Release */,
			);
			defaultConfigurationIsVisible = 0;
			defaultConfigurationName = Release;
		};
/* End XCConfigurationList section */
	};
	rootObject = B627EF682B30C6B40030E514 /* Project object */;
}
